
Microsoft Visual Studio Solution File, Format Version 12.00
# Visual Studio Version 16
VisualStudioVersion = 16.0.29326.143
MinimumVisualStudioVersion = 10.0.40219.1
Project("{FAE04EC0-301F-11D3-BF4B-00C04F79EFBC}") = "AutomationControls", "AutomationControls.csproj", "{277C50BF-D545-4A5A-BAD7-7C09D4ECC15D}"
EndProject
Global
	GlobalSection(SolutionConfigurationPlatforms) = preSolution
		Debug|Any CPU = Debug|Any CPU
		Release|Any CPU = Release|Any CPU
	EndGlobalSection
	GlobalSection(ProjectConfigurationPlatforms) = postSolution
		{277C50BF-D545-4A5A-BAD7-7C09D4ECC15D}.Debug|Any CPU.ActiveCfg = Debug|Any CPU
		{277C50BF-D545-4A5A-BAD7-7C09D4ECC15D}.Debug|Any CPU.Build.0 = Debug|Any CPU
		{277C50BF-D545-4A5A-BAD7-7C09D4ECC15D}.Release|Any CPU.ActiveCfg = Release|Any CPU
		{277C50BF-D545-4A5A-BAD7-7C09D4ECC15D}.Release|Any CPU.Build.0 = Release|Any CPU
	EndGlobalSection
	GlobalSection(SolutionProperties) = preSolution
		HideSolutionNode = FALSE
	EndGlobalSection
	GlobalSection(ExtensibilityGlobals) = postSolution
		SolutionGuid = {B4CD36C2-81EA-4FE4-BB4C-A49F5B447580}
	EndGlobalSection
EndGlobal
